
Microsoft Visual Studio Solution File, Format Version 12.00
# Visual Studio 15
VisualStudioVersion = 15.0.27130.2026
MinimumVisualStudioVersion = 10.0.40219.1
Project("{8BC9CEB8-8B4A-11D0-8D11-00A0C91BC942}") = "deque", "deque\deque.vcxproj", "{F1F2793C-7F43-47AA-931A-BFB248703B41}"
EndProject
Global
	GlobalSection(SolutionConfigurationPlatforms) = preSolution
		Debug|x64 = Debug|x64
		Debug|x86 = Debug|x86
		Release|x64 = Release|x64
		Release|x86 = Release|x86
	EndGlobalSection
	GlobalSection(ProjectConfigurationPlatforms) = postSolution
		{F1F2793C-7F43-47AA-931A-BFB248703B41}.Debug|x64.ActiveCfg = Debug|x64
		{F1F2793C-7F43-47AA-931A-BFB248703B41}.Debug|x64.Build.0 = Debug|x64
		{F1F2793C-7F43-47AA-931A-BFB248703B41}.Debug|x86.ActiveCfg = Debug|Win32
		{F1F2793C-7F43-47AA-931A-BFB248703B41}.Debug|x86.Build.0 = Debug|Win32
		{F1F2793C-7F43-47AA-931A-BFB248703B41}.Release|x64.ActiveCfg = Release|x64
		{F1F2793C-7F43-47AA-931A-BFB248703B41}.Release|x64.Build.0 = Release|x64
		{F1F2793C-7F43-47AA-931A-BFB248703B41}.Release|x86.ActiveCfg = Release|Win32
		{F1F2793C-7F43-47AA-931A-BFB248703B41}.Release|x86.Build.0 = Release|Win32
	EndGlobalSection
	GlobalSection(SolutionProperties) = preSolution
		HideSolutionNode = FALSE
	EndGlobalSection
	GlobalSection(ExtensibilityGlobals) = postSolution
		SolutionGuid = {2EE6197E-EEA3-4B1C-A4DC-F46B6881D555}
	EndGlobalSection
EndGlobal
