
Microsoft Visual Studio Solution File, Format Version 12.00
# Visual Studio 15
VisualStudioVersion = 15.0.26430.14
MinimumVisualStudioVersion = 10.0.40219.1
Project("{8BC9CEB8-8B4A-11D0-8D11-00A0C91BC942}") = "httpvialibcur", "httpvialibcur\httpvialibcur.vcxproj", "{95F55BD8-5AF9-419C-B61A-6FC793BF3DCE}"
	ProjectSection(ProjectDependencies) = postProject
		{DA6F56B4-06A4-441D-AD70-AC5A7D51FADB} = {DA6F56B4-06A4-441D-AD70-AC5A7D51FADB}
	EndProjectSection
EndProject
Project("{8BC9CEB8-8B4A-11D0-8D11-00A0C91BC942}") = "libcurl", "httpvialibcur\curl-source\projects\Windows\VC14\lib\libcurl.vcxproj", "{DA6F56B4-06A4-441D-AD70-AC5A7D51FADB}"
EndProject
Global
	GlobalSection(SolutionConfigurationPlatforms) = preSolution
		Debug|x64 = Debug|x64
		Debug|x86 = Debug|x86
		DLL Debug - DLL OpenSSL - DLL LibSSH2|x64 = DLL Debug - DLL OpenSSL - DLL LibSSH2|x64
		DLL Debug - DLL OpenSSL - DLL LibSSH2|x86 = DLL Debug - DLL OpenSSL - DLL LibSSH2|x86
		DLL Debug - DLL OpenSSL|x64 = DLL Debug - DLL OpenSSL|x64
		DLL Debug - DLL OpenSSL|x86 = DLL Debug - DLL OpenSSL|x86
		DLL Debug - DLL Windows SSPI - DLL WinIDN|x64 = DLL Debug - DLL Windows SSPI - DLL WinIDN|x64
		DLL Debug - DLL Windows SSPI - DLL WinIDN|x86 = DLL Debug - DLL Windows SSPI - DLL WinIDN|x86
		DLL Debug - DLL Windows SSPI|x64 = DLL Debug - DLL Windows SSPI|x64
		DLL Debug - DLL Windows SSPI|x86 = DLL Debug - DLL Windows SSPI|x86
		DLL Debug - DLL wolfSSL|x64 = DLL Debug - DLL wolfSSL|x64
		DLL Debug - DLL wolfSSL|x86 = DLL Debug - DLL wolfSSL|x86
		DLL Debug|x64 = DLL Debug|x64
		DLL Debug|x86 = DLL Debug|x86
		DLL Release - DLL OpenSSL - DLL LibSSH2|x64 = DLL Release - DLL OpenSSL - DLL LibSSH2|x64
		DLL Release - DLL OpenSSL - DLL LibSSH2|x86 = DLL Release - DLL OpenSSL - DLL LibSSH2|x86
		DLL Release - DLL OpenSSL|x64 = DLL Release - DLL OpenSSL|x64
		DLL Release - DLL OpenSSL|x86 = DLL Release - DLL OpenSSL|x86
		DLL Release - DLL Windows SSPI - DLL WinIDN|x64 = DLL Release - DLL Windows SSPI - DLL WinIDN|x64
		DLL Release - DLL Windows SSPI - DLL WinIDN|x86 = DLL Release - DLL Windows SSPI - DLL WinIDN|x86
		DLL Release - DLL Windows SSPI|x64 = DLL Release - DLL Windows SSPI|x64
		DLL Release - DLL Windows SSPI|x86 = DLL Release - DLL Windows SSPI|x86
		DLL Release - DLL wolfSSL|x64 = DLL Release - DLL wolfSSL|x64
		DLL Release - DLL wolfSSL|x86 = DLL Release - DLL wolfSSL|x86
		DLL Release|x64 = DLL Release|x64
		DLL Release|x86 = DLL Release|x86
		LIB Debug - DLL OpenSSL - DLL LibSSH2|x64 = LIB Debug - DLL OpenSSL - DLL LibSSH2|x64
		LIB Debug - DLL OpenSSL - DLL LibSSH2|x86 = LIB Debug - DLL OpenSSL - DLL LibSSH2|x86
		LIB Debug - DLL OpenSSL|x64 = LIB Debug - DLL OpenSSL|x64
		LIB Debug - DLL OpenSSL|x86 = LIB Debug - DLL OpenSSL|x86
		LIB Debug - DLL Windows SSPI - DLL WinIDN|x64 = LIB Debug - DLL Windows SSPI - DLL WinIDN|x64
		LIB Debug - DLL Windows SSPI - DLL WinIDN|x86 = LIB Debug - DLL Windows SSPI - DLL WinIDN|x86
		LIB Debug - DLL Windows SSPI|x64 = LIB Debug - DLL Windows SSPI|x64
		LIB Debug - DLL Windows SSPI|x86 = LIB Debug - DLL Windows SSPI|x86
		LIB Debug - LIB OpenSSL - LIB LibSSH2|x64 = LIB Debug - LIB OpenSSL - LIB LibSSH2|x64
		LIB Debug - LIB OpenSSL - LIB LibSSH2|x86 = LIB Debug - LIB OpenSSL - LIB LibSSH2|x86
		LIB Debug - LIB OpenSSL|x64 = LIB Debug - LIB OpenSSL|x64
		LIB Debug - LIB OpenSSL|x86 = LIB Debug - LIB OpenSSL|x86
		LIB Debug - LIB wolfSSL|x64 = LIB Debug - LIB wolfSSL|x64
		LIB Debug - LIB wolfSSL|x86 = LIB Debug - LIB wolfSSL|x86
		LIB Debug|x64 = LIB Debug|x64
		LIB Debug|x86 = LIB Debug|x86
		LIB Release - DLL OpenSSL - DLL LibSSH2|x64 = LIB Release - DLL OpenSSL - DLL LibSSH2|x64
		LIB Release - DLL OpenSSL - DLL LibSSH2|x86 = LIB Release - DLL OpenSSL - DLL LibSSH2|x86
		LIB Release - DLL OpenSSL|x64 = LIB Release - DLL OpenSSL|x64
		LIB Release - DLL OpenSSL|x86 = LIB Release - DLL OpenSSL|x86
		LIB Release - DLL Windows SSPI - DLL WinIDN|x64 = LIB Release - DLL Windows SSPI - DLL WinIDN|x64
		LIB Release - DLL Windows SSPI - DLL WinIDN|x86 = LIB Release - DLL Windows SSPI - DLL WinIDN|x86
		LIB Release - DLL Windows SSPI|x64 = LIB Release - DLL Windows SSPI|x64
		LIB Release - DLL Windows SSPI|x86 = LIB Release - DLL Windows SSPI|x86
		LIB Release - LIB OpenSSL - LIB LibSSH2|x64 = LIB Release - LIB OpenSSL - LIB LibSSH2|x64
		LIB Release - LIB OpenSSL - LIB LibSSH2|x86 = LIB Release - LIB OpenSSL - LIB LibSSH2|x86
		LIB Release - LIB OpenSSL|x64 = LIB Release - LIB OpenSSL|x64
		LIB Release - LIB OpenSSL|x86 = LIB Release - LIB OpenSSL|x86
		LIB Release - LIB wolfSSL|x64 = LIB Release - LIB wolfSSL|x64
		LIB Release - LIB wolfSSL|x86 = LIB Release - LIB wolfSSL|x86
		LIB Release|x64 = LIB Release|x64
		LIB Release|x86 = LIB Release|x86
		Release|x64 = Release|x64
		Release|x86 = Release|x86
	EndGlobalSection
	GlobalSection(ProjectConfigurationPlatforms) = postSolution
		{95F55BD8-5AF9-419C-B61A-6FC793BF3DCE}.Debug|x64.ActiveCfg = Debug|x64
		{95F55BD8-5AF9-419C-B61A-6FC793BF3DCE}.Debug|x64.Build.0 = Debug|x64
		{95F55BD8-5AF9-419C-B61A-6FC793BF3DCE}.Debug|x86.ActiveCfg = Debug|Win32
		{95F55BD8-5AF9-419C-B61A-6FC793BF3DCE}.Debug|x86.Build.0 = Debug|Win32
		{95F55BD8-5AF9-419C-B61A-6FC793BF3DCE}.DLL Debug - DLL OpenSSL - DLL LibSSH2|x64.ActiveCfg = Debug|x64
		{95F55BD8-5AF9-419C-B61A-6FC793BF3DCE}.DLL Debug - DLL OpenSSL - DLL LibSSH2|x64.Build.0 = Debug|x64
		{95F55BD8-5AF9-419C-B61A-6FC793BF3DCE}.DLL Debug - DLL OpenSSL - DLL LibSSH2|x86.ActiveCfg = Debug|Win32
		{95F55BD8-5AF9-419C-B61A-6FC793BF3DCE}.DLL Debug - DLL OpenSSL - DLL LibSSH2|x86.Build.0 = Debug|Win32
		{95F55BD8-5AF9-419C-B61A-6FC793BF3DCE}.DLL Debug - DLL OpenSSL|x64.ActiveCfg = Debug|x64
		{95F55BD8-5AF9-419C-B61A-6FC793BF3DCE}.DLL Debug - DLL OpenSSL|x64.Build.0 = Debug|x64
		{95F55BD8-5AF9-419C-B61A-6FC793BF3DCE}.DLL Debug - DLL OpenSSL|x86.ActiveCfg = Debug|Win32
		{95F55BD8-5AF9-419C-B61A-6FC793BF3DCE}.DLL Debug - DLL OpenSSL|x86.Build.0 = Debug|Win32
		{95F55BD8-5AF9-419C-B61A-6FC793BF3DCE}.DLL Debug - DLL Windows SSPI - DLL WinIDN|x64.ActiveCfg = Debug|x64
		{95F55BD8-5AF9-419C-B61A-6FC793BF3DCE}.DLL Debug - DLL Windows SSPI - DLL WinIDN|x64.Build.0 = Debug|x64
		{95F55BD8-5AF9-419C-B61A-6FC793BF3DCE}.DLL Debug - DLL Windows SSPI - DLL WinIDN|x86.ActiveCfg = Debug|Win32
		{95F55BD8-5AF9-419C-B61A-6FC793BF3DCE}.DLL Debug - DLL Windows SSPI - DLL WinIDN|x86.Build.0 = Debug|Win32
		{95F55BD8-5AF9-419C-B61A-6FC793BF3DCE}.DLL Debug - DLL Windows SSPI|x64.ActiveCfg = Debug|x64
		{95F55BD8-5AF9-419C-B61A-6FC793BF3DCE}.DLL Debug - DLL Windows SSPI|x64.Build.0 = Debug|x64
		{95F55BD8-5AF9-419C-B61A-6FC793BF3DCE}.DLL Debug - DLL Windows SSPI|x86.ActiveCfg = Debug|Win32
		{95F55BD8-5AF9-419C-B61A-6FC793BF3DCE}.DLL Debug - DLL Windows SSPI|x86.Build.0 = Debug|Win32
		{95F55BD8-5AF9-419C-B61A-6FC793BF3DCE}.DLL Debug - DLL wolfSSL|x64.ActiveCfg = Debug|x64
		{95F55BD8-5AF9-419C-B61A-6FC793BF3DCE}.DLL Debug - DLL wolfSSL|x64.Build.0 = Debug|x64
		{95F55BD8-5AF9-419C-B61A-6FC793BF3DCE}.DLL Debug - DLL wolfSSL|x86.ActiveCfg = Debug|Win32
		{95F55BD8-5AF9-419C-B61A-6FC793BF3DCE}.DLL Debug - DLL wolfSSL|x86.Build.0 = Debug|Win32
		{95F55BD8-5AF9-419C-B61A-6FC793BF3DCE}.DLL Debug|x64.ActiveCfg = Debug|x64
		{95F55BD8-5AF9-419C-B61A-6FC793BF3DCE}.DLL Debug|x64.Build.0 = Debug|x64
		{95F55BD8-5AF9-419C-B61A-6FC793BF3DCE}.DLL Debug|x86.ActiveCfg = Debug|Win32
		{95F55BD8-5AF9-419C-B61A-6FC793BF3DCE}.DLL Debug|x86.Build.0 = Debug|Win32
		{95F55BD8-5AF9-419C-B61A-6FC793BF3DCE}.DLL Release - DLL OpenSSL - DLL LibSSH2|x64.ActiveCfg = Release|x64
		{95F55BD8-5AF9-419C-B61A-6FC793BF3DCE}.DLL Release - DLL OpenSSL - DLL LibSSH2|x64.Build.0 = Release|x64
		{95F55BD8-5AF9-419C-B61A-6FC793BF3DCE}.DLL Release - DLL OpenSSL - DLL LibSSH2|x86.ActiveCfg = Release|Win32
		{95F55BD8-5AF9-419C-B61A-6FC793BF3DCE}.DLL Release - DLL OpenSSL - DLL LibSSH2|x86.Build.0 = Release|Win32
		{95F55BD8-5AF9-419C-B61A-6FC793BF3DCE}.DLL Release - DLL OpenSSL|x64.ActiveCfg = Release|x64
		{95F55BD8-5AF9-419C-B61A-6FC793BF3DCE}.DLL Release - DLL OpenSSL|x64.Build.0 = Release|x64
		{95F55BD8-5AF9-419C-B61A-6FC793BF3DCE}.DLL Release - DLL OpenSSL|x86.ActiveCfg = Release|Win32
		{95F55BD8-5AF9-419C-B61A-6FC793BF3DCE}.DLL Release - DLL OpenSSL|x86.Build.0 = Release|Win32
		{95F55BD8-5AF9-419C-B61A-6FC793BF3DCE}.DLL Release - DLL Windows SSPI - DLL WinIDN|x64.ActiveCfg = Release|x64
		{95F55BD8-5AF9-419C-B61A-6FC793BF3DCE}.DLL Release - DLL Windows SSPI - DLL WinIDN|x64.Build.0 = Release|x64
		{95F55BD8-5AF9-419C-B61A-6FC793BF3DCE}.DLL Release - DLL Windows SSPI - DLL WinIDN|x86.ActiveCfg = Release|Win32
		{95F55BD8-5AF9-419C-B61A-6FC793BF3DCE}.DLL Release - DLL Windows SSPI - DLL WinIDN|x86.Build.0 = Release|Win32
		{95F55BD8-5AF9-419C-B61A-6FC793BF3DCE}.DLL Release - DLL Windows SSPI|x64.ActiveCfg = Release|x64
		{95F55BD8-5AF9-419C-B61A-6FC793BF3DCE}.DLL Release - DLL Windows SSPI|x64.Build.0 = Release|x64
		{95F55BD8-5AF9-419C-B61A-6FC793BF3DCE}.DLL Release - DLL Windows SSPI|x86.ActiveCfg = Release|Win32
		{95F55BD8-5AF9-419C-B61A-6FC793BF3DCE}.DLL Release - DLL Windows SSPI|x86.Build.0 = Release|Win32
		{95F55BD8-5AF9-419C-B61A-6FC793BF3DCE}.DLL Release - DLL wolfSSL|x64.ActiveCfg = Release|x64
		{95F55BD8-5AF9-419C-B61A-6FC793BF3DCE}.DLL Release - DLL wolfSSL|x64.Build.0 = Release|x64
		{95F55BD8-5AF9-419C-B61A-6FC793BF3DCE}.DLL Release - DLL wolfSSL|x86.ActiveCfg = Release|Win32
		{95F55BD8-5AF9-419C-B61A-6FC793BF3DCE}.DLL Release - DLL wolfSSL|x86.Build.0 = Release|Win32
		{95F55BD8-5AF9-419C-B61A-6FC793BF3DCE}.DLL Release|x64.ActiveCfg = Release|x64
		{95F55BD8-5AF9-419C-B61A-6FC793BF3DCE}.DLL Release|x64.Build.0 = Release|x64
		{95F55BD8-5AF9-419C-B61A-6FC793BF3DCE}.DLL Release|x86.ActiveCfg = Release|Win32
		{95F55BD8-5AF9-419C-B61A-6FC793BF3DCE}.DLL Release|x86.Build.0 = Release|Win32
		{95F55BD8-5AF9-419C-B61A-6FC793BF3DCE}.LIB Debug - DLL OpenSSL - DLL LibSSH2|x64.ActiveCfg = Debug|x64
		{95F55BD8-5AF9-419C-B61A-6FC793BF3DCE}.LIB Debug - DLL OpenSSL - DLL LibSSH2|x64.Build.0 = Debug|x64
		{95F55BD8-5AF9-419C-B61A-6FC793BF3DCE}.LIB Debug - DLL OpenSSL - DLL LibSSH2|x86.ActiveCfg = Debug|Win32
		{95F55BD8-5AF9-419C-B61A-6FC793BF3DCE}.LIB Debug - DLL OpenSSL - DLL LibSSH2|x86.Build.0 = Debug|Win32
		{95F55BD8-5AF9-419C-B61A-6FC793BF3DCE}.LIB Debug - DLL OpenSSL|x64.ActiveCfg = Debug|x64
		{95F55BD8-5AF9-419C-B61A-6FC793BF3DCE}.LIB Debug - DLL OpenSSL|x64.Build.0 = Debug|x64
		{95F55BD8-5AF9-419C-B61A-6FC793BF3DCE}.LIB Debug - DLL OpenSSL|x86.ActiveCfg = Debug|Win32
		{95F55BD8-5AF9-419C-B61A-6FC793BF3DCE}.LIB Debug - DLL OpenSSL|x86.Build.0 = Debug|Win32
		{95F55BD8-5AF9-419C-B61A-6FC793BF3DCE}.LIB Debug - DLL Windows SSPI - DLL WinIDN|x64.ActiveCfg = Debug|x64
		{95F55BD8-5AF9-419C-B61A-6FC793BF3DCE}.LIB Debug - DLL Windows SSPI - DLL WinIDN|x64.Build.0 = Debug|x64
		{95F55BD8-5AF9-419C-B61A-6FC793BF3DCE}.LIB Debug - DLL Windows SSPI - DLL WinIDN|x86.ActiveCfg = Debug|Win32
		{95F55BD8-5AF9-419C-B61A-6FC793BF3DCE}.LIB Debug - DLL Windows SSPI - DLL WinIDN|x86.Build.0 = Debug|Win32
		{95F55BD8-5AF9-419C-B61A-6FC793BF3DCE}.LIB Debug - DLL Windows SSPI|x64.ActiveCfg = Debug|x64
		{95F55BD8-5AF9-419C-B61A-6FC793BF3DCE}.LIB Debug - DLL Windows SSPI|x64.Build.0 = Debug|x64
		{95F55BD8-5AF9-419C-B61A-6FC793BF3DCE}.LIB Debug - DLL Windows SSPI|x86.ActiveCfg = Debug|Win32
		{95F55BD8-5AF9-419C-B61A-6FC793BF3DCE}.LIB Debug - DLL Windows SSPI|x86.Build.0 = Debug|Win32
		{95F55BD8-5AF9-419C-B61A-6FC793BF3DCE}.LIB Debug - LIB OpenSSL - LIB LibSSH2|x64.ActiveCfg = Debug|x64
		{95F55BD8-5AF9-419C-B61A-6FC793BF3DCE}.LIB Debug - LIB OpenSSL - LIB LibSSH2|x64.Build.0 = Debug|x64
		{95F55BD8-5AF9-419C-B61A-6FC793BF3DCE}.LIB Debug - LIB OpenSSL - LIB LibSSH2|x86.ActiveCfg = Debug|Win32
		{95F55BD8-5AF9-419C-B61A-6FC793BF3DCE}.LIB Debug - LIB OpenSSL - LIB LibSSH2|x86.Build.0 = Debug|Win32
		{95F55BD8-5AF9-419C-B61A-6FC793BF3DCE}.LIB Debug - LIB OpenSSL|x64.ActiveCfg = Debug|x64
		{95F55BD8-5AF9-419C-B61A-6FC793BF3DCE}.LIB Debug - LIB OpenSSL|x64.Build.0 = Debug|x64
		{95F55BD8-5AF9-419C-B61A-6FC793BF3DCE}.LIB Debug - LIB OpenSSL|x86.ActiveCfg = Debug|Win32
		{95F55BD8-5AF9-419C-B61A-6FC793BF3DCE}.LIB Debug - LIB OpenSSL|x86.Build.0 = Debug|Win32
		{95F55BD8-5AF9-419C-B61A-6FC793BF3DCE}.LIB Debug - LIB wolfSSL|x64.ActiveCfg = Debug|x64
		{95F55BD8-5AF9-419C-B61A-6FC793BF3DCE}.LIB Debug - LIB wolfSSL|x64.Build.0 = Debug|x64
		{95F55BD8-5AF9-419C-B61A-6FC793BF3DCE}.LIB Debug - LIB wolfSSL|x86.ActiveCfg = Debug|Win32
		{95F55BD8-5AF9-419C-B61A-6FC793BF3DCE}.LIB Debug - LIB wolfSSL|x86.Build.0 = Debug|Win32
		{95F55BD8-5AF9-419C-B61A-6FC793BF3DCE}.LIB Debug|x64.ActiveCfg = Debug|x64
		{95F55BD8-5AF9-419C-B61A-6FC793BF3DCE}.LIB Debug|x64.Build.0 = Debug|x64
		{95F55BD8-5AF9-419C-B61A-6FC793BF3DCE}.LIB Debug|x86.ActiveCfg = Debug|Win32
		{95F55BD8-5AF9-419C-B61A-6FC793BF3DCE}.LIB Debug|x86.Build.0 = Debug|Win32
		{95F55BD8-5AF9-419C-B61A-6FC793BF3DCE}.LIB Release - DLL OpenSSL - DLL LibSSH2|x64.ActiveCfg = Release|x64
		{95F55BD8-5AF9-419C-B61A-6FC793BF3DCE}.LIB Release - DLL OpenSSL - DLL LibSSH2|x64.Build.0 = Release|x64
		{95F55BD8-5AF9-419C-B61A-6FC793BF3DCE}.LIB Release - DLL OpenSSL - DLL LibSSH2|x86.ActiveCfg = Release|Win32
		{95F55BD8-5AF9-419C-B61A-6FC793BF3DCE}.LIB Release - DLL OpenSSL - DLL LibSSH2|x86.Build.0 = Release|Win32
		{95F55BD8-5AF9-419C-B61A-6FC793BF3DCE}.LIB Release - DLL OpenSSL|x64.ActiveCfg = Release|x64
		{95F55BD8-5AF9-419C-B61A-6FC793BF3DCE}.LIB Release - DLL OpenSSL|x64.Build.0 = Release|x64
		{95F55BD8-5AF9-419C-B61A-6FC793BF3DCE}.LIB Release - DLL OpenSSL|x86.ActiveCfg = Release|Win32
		{95F55BD8-5AF9-419C-B61A-6FC793BF3DCE}.LIB Release - DLL OpenSSL|x86.Build.0 = Release|Win32
		{95F55BD8-5AF9-419C-B61A-6FC793BF3DCE}.LIB Release - DLL Windows SSPI - DLL WinIDN|x64.ActiveCfg = Release|x64
		{95F55BD8-5AF9-419C-B61A-6FC793BF3DCE}.LIB Release - DLL Windows SSPI - DLL WinIDN|x64.Build.0 = Release|x64
		{95F55BD8-5AF9-419C-B61A-6FC793BF3DCE}.LIB Release - DLL Windows SSPI - DLL WinIDN|x86.ActiveCfg = Release|Win32
		{95F55BD8-5AF9-419C-B61A-6FC793BF3DCE}.LIB Release - DLL Windows SSPI - DLL WinIDN|x86.Build.0 = Release|Win32
		{95F55BD8-5AF9-419C-B61A-6FC793BF3DCE}.LIB Release - DLL Windows SSPI|x64.ActiveCfg = Release|x64
		{95F55BD8-5AF9-419C-B61A-6FC793BF3DCE}.LIB Release - DLL Windows SSPI|x64.Build.0 = Release|x64
		{95F55BD8-5AF9-419C-B61A-6FC793BF3DCE}.LIB Release - DLL Windows SSPI|x86.ActiveCfg = Release|Win32
		{95F55BD8-5AF9-419C-B61A-6FC793BF3DCE}.LIB Release - DLL Windows SSPI|x86.Build.0 = Release|Win32
		{95F55BD8-5AF9-419C-B61A-6FC793BF3DCE}.LIB Release - LIB OpenSSL - LIB LibSSH2|x64.ActiveCfg = Release|x64
		{95F55BD8-5AF9-419C-B61A-6FC793BF3DCE}.LIB Release - LIB OpenSSL - LIB LibSSH2|x64.Build.0 = Release|x64
		{95F55BD8-5AF9-419C-B61A-6FC793BF3DCE}.LIB Release - LIB OpenSSL - LIB LibSSH2|x86.ActiveCfg = Release|Win32
		{95F55BD8-5AF9-419C-B61A-6FC793BF3DCE}.LIB Release - LIB OpenSSL - LIB LibSSH2|x86.Build.0 = Release|Win32
		{95F55BD8-5AF9-419C-B61A-6FC793BF3DCE}.LIB Release - LIB OpenSSL|x64.ActiveCfg = Release|x64
		{95F55BD8-5AF9-419C-B61A-6FC793BF3DCE}.LIB Release - LIB OpenSSL|x64.Build.0 = Release|x64
		{95F55BD8-5AF9-419C-B61A-6FC793BF3DCE}.LIB Release - LIB OpenSSL|x86.ActiveCfg = Release|Win32
		{95F55BD8-5AF9-419C-B61A-6FC793BF3DCE}.LIB Release - LIB OpenSSL|x86.Build.0 = Release|Win32
		{95F55BD8-5AF9-419C-B61A-6FC793BF3DCE}.LIB Release - LIB wolfSSL|x64.ActiveCfg = Release|x64
		{95F55BD8-5AF9-419C-B61A-6FC793BF3DCE}.LIB Release - LIB wolfSSL|x64.Build.0 = Release|x64
		{95F55BD8-5AF9-419C-B61A-6FC793BF3DCE}.LIB Release - LIB wolfSSL|x86.ActiveCfg = Release|Win32
		{95F55BD8-5AF9-419C-B61A-6FC793BF3DCE}.LIB Release - LIB wolfSSL|x86.Build.0 = Release|Win32
		{95F55BD8-5AF9-419C-B61A-6FC793BF3DCE}.LIB Release|x64.ActiveCfg = Release|x64
		{95F55BD8-5AF9-419C-B61A-6FC793BF3DCE}.LIB Release|x64.Build.0 = Release|x64
		{95F55BD8-5AF9-419C-B61A-6FC793BF3DCE}.LIB Release|x86.ActiveCfg = Release|Win32
		{95F55BD8-5AF9-419C-B61A-6FC793BF3DCE}.LIB Release|x86.Build.0 = Release|Win32
		{95F55BD8-5AF9-419C-B61A-6FC793BF3DCE}.Release|x64.ActiveCfg = Release|x64
		{95F55BD8-5AF9-419C-B61A-6FC793BF3DCE}.Release|x64.Build.0 = Release|x64
		{95F55BD8-5AF9-419C-B61A-6FC793BF3DCE}.Release|x86.ActiveCfg = Release|Win32
		{95F55BD8-5AF9-419C-B61A-6FC793BF3DCE}.Release|x86.Build.0 = Release|Win32
		{DA6F56B4-06A4-441D-AD70-AC5A7D51FADB}.Debug|x64.ActiveCfg = LIB Debug|x64
		{DA6F56B4-06A4-441D-AD70-AC5A7D51FADB}.Debug|x64.Build.0 = LIB Debug|x64
		{DA6F56B4-06A4-441D-AD70-AC5A7D51FADB}.Debug|x86.ActiveCfg = LIB Debug|Win32
		{DA6F56B4-06A4-441D-AD70-AC5A7D51FADB}.Debug|x86.Build.0 = LIB Debug|Win32
		{DA6F56B4-06A4-441D-AD70-AC5A7D51FADB}.DLL Debug - DLL OpenSSL - DLL LibSSH2|x64.ActiveCfg = DLL Debug - DLL OpenSSL - DLL LibSSH2|x64
		{DA6F56B4-06A4-441D-AD70-AC5A7D51FADB}.DLL Debug - DLL OpenSSL - DLL LibSSH2|x64.Build.0 = DLL Debug - DLL OpenSSL - DLL LibSSH2|x64
		{DA6F56B4-06A4-441D-AD70-AC5A7D51FADB}.DLL Debug - DLL OpenSSL - DLL LibSSH2|x86.ActiveCfg = DLL Debug - DLL OpenSSL - DLL LibSSH2|Win32
		{DA6F56B4-06A4-441D-AD70-AC5A7D51FADB}.DLL Debug - DLL OpenSSL - DLL LibSSH2|x86.Build.0 = DLL Debug - DLL OpenSSL - DLL LibSSH2|Win32
		{DA6F56B4-06A4-441D-AD70-AC5A7D51FADB}.DLL Debug - DLL OpenSSL|x64.ActiveCfg = DLL Debug - DLL OpenSSL|x64
		{DA6F56B4-06A4-441D-AD70-AC5A7D51FADB}.DLL Debug - DLL OpenSSL|x64.Build.0 = DLL Debug - DLL OpenSSL|x64
		{DA6F56B4-06A4-441D-AD70-AC5A7D51FADB}.DLL Debug - DLL OpenSSL|x86.ActiveCfg = DLL Debug - DLL OpenSSL|Win32
		{DA6F56B4-06A4-441D-AD70-AC5A7D51FADB}.DLL Debug - DLL OpenSSL|x86.Build.0 = DLL Debug - DLL OpenSSL|Win32
		{DA6F56B4-06A4-441D-AD70-AC5A7D51FADB}.DLL Debug - DLL Windows SSPI - DLL WinIDN|x64.ActiveCfg = DLL Debug - DLL Windows SSPI - DLL WinIDN|x64
		{DA6F56B4-06A4-441D-AD70-AC5A7D51FADB}.DLL Debug - DLL Windows SSPI - DLL WinIDN|x64.Build.0 = DLL Debug - DLL Windows SSPI - DLL WinIDN|x64
		{DA6F56B4-06A4-441D-AD70-AC5A7D51FADB}.DLL Debug - DLL Windows SSPI - DLL WinIDN|x86.ActiveCfg = DLL Debug - DLL Windows SSPI - DLL WinIDN|Win32
		{DA6F56B4-06A4-441D-AD70-AC5A7D51FADB}.DLL Debug - DLL Windows SSPI - DLL WinIDN|x86.Build.0 = DLL Debug - DLL Windows SSPI - DLL WinIDN|Win32
		{DA6F56B4-06A4-441D-AD70-AC5A7D51FADB}.DLL Debug - DLL Windows SSPI|x64.ActiveCfg = DLL Debug - DLL Windows SSPI|x64
		{DA6F56B4-06A4-441D-AD70-AC5A7D51FADB}.DLL Debug - DLL Windows SSPI|x64.Build.0 = DLL Debug - DLL Windows SSPI|x64
		{DA6F56B4-06A4-441D-AD70-AC5A7D51FADB}.DLL Debug - DLL Windows SSPI|x86.ActiveCfg = DLL Debug - DLL Windows SSPI|Win32
		{DA6F56B4-06A4-441D-AD70-AC5A7D51FADB}.DLL Debug - DLL Windows SSPI|x86.Build.0 = DLL Debug - DLL Windows SSPI|Win32
		{DA6F56B4-06A4-441D-AD70-AC5A7D51FADB}.DLL Debug - DLL wolfSSL|x64.ActiveCfg = DLL Debug - DLL wolfSSL|x64
		{DA6F56B4-06A4-441D-AD70-AC5A7D51FADB}.DLL Debug - DLL wolfSSL|x64.Build.0 = DLL Debug - DLL wolfSSL|x64
		{DA6F56B4-06A4-441D-AD70-AC5A7D51FADB}.DLL Debug - DLL wolfSSL|x86.ActiveCfg = DLL Debug - DLL wolfSSL|Win32
		{DA6F56B4-06A4-441D-AD70-AC5A7D51FADB}.DLL Debug - DLL wolfSSL|x86.Build.0 = DLL Debug - DLL wolfSSL|Win32
		{DA6F56B4-06A4-441D-AD70-AC5A7D51FADB}.DLL Debug|x64.ActiveCfg = DLL Debug|x64
		{DA6F56B4-06A4-441D-AD70-AC5A7D51FADB}.DLL Debug|x64.Build.0 = DLL Debug|x64
		{DA6F56B4-06A4-441D-AD70-AC5A7D51FADB}.DLL Debug|x86.ActiveCfg = DLL Debug|Win32
		{DA6F56B4-06A4-441D-AD70-AC5A7D51FADB}.DLL Debug|x86.Build.0 = DLL Debug|Win32
		{DA6F56B4-06A4-441D-AD70-AC5A7D51FADB}.DLL Release - DLL OpenSSL - DLL LibSSH2|x64.ActiveCfg = DLL Release - DLL OpenSSL - DLL LibSSH2|x64
		{DA6F56B4-06A4-441D-AD70-AC5A7D51FADB}.DLL Release - DLL OpenSSL - DLL LibSSH2|x64.Build.0 = DLL Release - DLL OpenSSL - DLL LibSSH2|x64
		{DA6F56B4-06A4-441D-AD70-AC5A7D51FADB}.DLL Release - DLL OpenSSL - DLL LibSSH2|x86.ActiveCfg = DLL Release - DLL OpenSSL - DLL LibSSH2|Win32
		{DA6F56B4-06A4-441D-AD70-AC5A7D51FADB}.DLL Release - DLL OpenSSL - DLL LibSSH2|x86.Build.0 = DLL Release - DLL OpenSSL - DLL LibSSH2|Win32
		{DA6F56B4-06A4-441D-AD70-AC5A7D51FADB}.DLL Release - DLL OpenSSL|x64.ActiveCfg = DLL Release - DLL OpenSSL|x64
		{DA6F56B4-06A4-441D-AD70-AC5A7D51FADB}.DLL Release - DLL OpenSSL|x64.Build.0 = DLL Release - DLL OpenSSL|x64
		{DA6F56B4-06A4-441D-AD70-AC5A7D51FADB}.DLL Release - DLL OpenSSL|x86.ActiveCfg = DLL Release - DLL OpenSSL|Win32
		{DA6F56B4-06A4-441D-AD70-AC5A7D51FADB}.DLL Release - DLL OpenSSL|x86.Build.0 = DLL Release - DLL OpenSSL|Win32
		{DA6F56B4-06A4-441D-AD70-AC5A7D51FADB}.DLL Release - DLL Windows SSPI - DLL WinIDN|x64.ActiveCfg = DLL Release - DLL Windows SSPI - DLL WinIDN|x64
		{DA6F56B4-06A4-441D-AD70-AC5A7D51FADB}.DLL Release - DLL Windows SSPI - DLL WinIDN|x64.Build.0 = DLL Release - DLL Windows SSPI - DLL WinIDN|x64
		{DA6F56B4-06A4-441D-AD70-AC5A7D51FADB}.DLL Release - DLL Windows SSPI - DLL WinIDN|x86.ActiveCfg = DLL Release - DLL Windows SSPI - DLL WinIDN|Win32
		{DA6F56B4-06A4-441D-AD70-AC5A7D51FADB}.DLL Release - DLL Windows SSPI - DLL WinIDN|x86.Build.0 = DLL Release - DLL Windows SSPI - DLL WinIDN|Win32
		{DA6F56B4-06A4-441D-AD70-AC5A7D51FADB}.DLL Release - DLL Windows SSPI|x64.ActiveCfg = DLL Release - DLL Windows SSPI|x64
		{DA6F56B4-06A4-441D-AD70-AC5A7D51FADB}.DLL Release - DLL Windows SSPI|x64.Build.0 = DLL Release - DLL Windows SSPI|x64
		{DA6F56B4-06A4-441D-AD70-AC5A7D51FADB}.DLL Release - DLL Windows SSPI|x86.ActiveCfg = DLL Release - DLL Windows SSPI|Win32
		{DA6F56B4-06A4-441D-AD70-AC5A7D51FADB}.DLL Release - DLL Windows SSPI|x86.Build.0 = DLL Release - DLL Windows SSPI|Win32
		{DA6F56B4-06A4-441D-AD70-AC5A7D51FADB}.DLL Release - DLL wolfSSL|x64.ActiveCfg = DLL Release - DLL wolfSSL|x64
		{DA6F56B4-06A4-441D-AD70-AC5A7D51FADB}.DLL Release - DLL wolfSSL|x64.Build.0 = DLL Release - DLL wolfSSL|x64
		{DA6F56B4-06A4-441D-AD70-AC5A7D51FADB}.DLL Release - DLL wolfSSL|x86.ActiveCfg = DLL Release - DLL wolfSSL|Win32
		{DA6F56B4-06A4-441D-AD70-AC5A7D51FADB}.DLL Release - DLL wolfSSL|x86.Build.0 = DLL Release - DLL wolfSSL|Win32
		{DA6F56B4-06A4-441D-AD70-AC5A7D51FADB}.DLL Release|x64.ActiveCfg = DLL Release|x64
		{DA6F56B4-06A4-441D-AD70-AC5A7D51FADB}.DLL Release|x64.Build.0 = DLL Release|x64
		{DA6F56B4-06A4-441D-AD70-AC5A7D51FADB}.DLL Release|x86.ActiveCfg = DLL Release|Win32
		{DA6F56B4-06A4-441D-AD70-AC5A7D51FADB}.DLL Release|x86.Build.0 = DLL Release|Win32
		{DA6F56B4-06A4-441D-AD70-AC5A7D51FADB}.LIB Debug - DLL OpenSSL - DLL LibSSH2|x64.ActiveCfg = LIB Debug - DLL OpenSSL - DLL LibSSH2|x64
		{DA6F56B4-06A4-441D-AD70-AC5A7D51FADB}.LIB Debug - DLL OpenSSL - DLL LibSSH2|x64.Build.0 = LIB Debug - DLL OpenSSL - DLL LibSSH2|x64
		{DA6F56B4-06A4-441D-AD70-AC5A7D51FADB}.LIB Debug - DLL OpenSSL - DLL LibSSH2|x86.ActiveCfg = LIB Debug - DLL OpenSSL - DLL LibSSH2|Win32
		{DA6F56B4-06A4-441D-AD70-AC5A7D51FADB}.LIB Debug - DLL OpenSSL - DLL LibSSH2|x86.Build.0 = LIB Debug - DLL OpenSSL - DLL LibSSH2|Win32
		{DA6F56B4-06A4-441D-AD70-AC5A7D51FADB}.LIB Debug - DLL OpenSSL|x64.ActiveCfg = LIB Debug - DLL OpenSSL|x64
		{DA6F56B4-06A4-441D-AD70-AC5A7D51FADB}.LIB Debug - DLL OpenSSL|x64.Build.0 = LIB Debug - DLL OpenSSL|x64
		{DA6F56B4-06A4-441D-AD70-AC5A7D51FADB}.LIB Debug - DLL OpenSSL|x86.ActiveCfg = LIB Debug - DLL OpenSSL|Win32
		{DA6F56B4-06A4-441D-AD70-AC5A7D51FADB}.LIB Debug - DLL OpenSSL|x86.Build.0 = LIB Debug - DLL OpenSSL|Win32
		{DA6F56B4-06A4-441D-AD70-AC5A7D51FADB}.LIB Debug - DLL Windows SSPI - DLL WinIDN|x64.ActiveCfg = LIB Debug - DLL Windows SSPI - DLL WinIDN|x64
		{DA6F56B4-06A4-441D-AD70-AC5A7D51FADB}.LIB Debug - DLL Windows SSPI - DLL WinIDN|x64.Build.0 = LIB Debug - DLL Windows SSPI - DLL WinIDN|x64
		{DA6F56B4-06A4-441D-AD70-AC5A7D51FADB}.LIB Debug - DLL Windows SSPI - DLL WinIDN|x86.ActiveCfg = LIB Debug - DLL Windows SSPI - DLL WinIDN|Win32
		{DA6F56B4-06A4-441D-AD70-AC5A7D51FADB}.LIB Debug - DLL Windows SSPI - DLL WinIDN|x86.Build.0 = LIB Debug - DLL Windows SSPI - DLL WinIDN|Win32
		{DA6F56B4-06A4-441D-AD70-AC5A7D51FADB}.LIB Debug - DLL Windows SSPI|x64.ActiveCfg = LIB Debug - DLL Windows SSPI|x64
		{DA6F56B4-06A4-441D-AD70-AC5A7D51FADB}.LIB Debug - DLL Windows SSPI|x64.Build.0 = LIB Debug - DLL Windows SSPI|x64
		{DA6F56B4-06A4-441D-AD70-AC5A7D51FADB}.LIB Debug - DLL Windows SSPI|x86.ActiveCfg = LIB Debug - DLL Windows SSPI|Win32
		{DA6F56B4-06A4-441D-AD70-AC5A7D51FADB}.LIB Debug - DLL Windows SSPI|x86.Build.0 = LIB Debug - DLL Windows SSPI|Win32
		{DA6F56B4-06A4-441D-AD70-AC5A7D51FADB}.LIB Debug - LIB OpenSSL - LIB LibSSH2|x64.ActiveCfg = LIB Debug - LIB OpenSSL - LIB LibSSH2|x64
		{DA6F56B4-06A4-441D-AD70-AC5A7D51FADB}.LIB Debug - LIB OpenSSL - LIB LibSSH2|x64.Build.0 = LIB Debug - LIB OpenSSL - LIB LibSSH2|x64
		{DA6F56B4-06A4-441D-AD70-AC5A7D51FADB}.LIB Debug - LIB OpenSSL - LIB LibSSH2|x86.ActiveCfg = LIB Debug - LIB OpenSSL - LIB LibSSH2|Win32
		{DA6F56B4-06A4-441D-AD70-AC5A7D51FADB}.LIB Debug - LIB OpenSSL - LIB LibSSH2|x86.Build.0 = LIB Debug - LIB OpenSSL - LIB LibSSH2|Win32
		{DA6F56B4-06A4-441D-AD70-AC5A7D51FADB}.LIB Debug - LIB OpenSSL|x64.ActiveCfg = LIB Debug - LIB OpenSSL|x64
		{DA6F56B4-06A4-441D-AD70-AC5A7D51FADB}.LIB Debug - LIB OpenSSL|x64.Build.0 = LIB Debug - LIB OpenSSL|x64
		{DA6F56B4-06A4-441D-AD70-AC5A7D51FADB}.LIB Debug - LIB OpenSSL|x86.ActiveCfg = LIB Debug - LIB OpenSSL|Win32
		{DA6F56B4-06A4-441D-AD70-AC5A7D51FADB}.LIB Debug - LIB OpenSSL|x86.Build.0 = LIB Debug - LIB OpenSSL|Win32
		{DA6F56B4-06A4-441D-AD70-AC5A7D51FADB}.LIB Debug - LIB wolfSSL|x64.ActiveCfg = LIB Debug - LIB wolfSSL|x64
		{DA6F56B4-06A4-441D-AD70-AC5A7D51FADB}.LIB Debug - LIB wolfSSL|x64.Build.0 = LIB Debug - LIB wolfSSL|x64
		{DA6F56B4-06A4-441D-AD70-AC5A7D51FADB}.LIB Debug - LIB wolfSSL|x86.ActiveCfg = LIB Debug - LIB wolfSSL|Win32
		{DA6F56B4-06A4-441D-AD70-AC5A7D51FADB}.LIB Debug - LIB wolfSSL|x86.Build.0 = LIB Debug - LIB wolfSSL|Win32
		{DA6F56B4-06A4-441D-AD70-AC5A7D51FADB}.LIB Debug|x64.ActiveCfg = LIB Debug|x64
		{DA6F56B4-06A4-441D-AD70-AC5A7D51FADB}.LIB Debug|x64.Build.0 = LIB Debug|x64
		{DA6F56B4-06A4-441D-AD70-AC5A7D51FADB}.LIB Debug|x86.ActiveCfg = LIB Debug|Win32
		{DA6F56B4-06A4-441D-AD70-AC5A7D51FADB}.LIB Debug|x86.Build.0 = LIB Debug|Win32
		{DA6F56B4-06A4-441D-AD70-AC5A7D51FADB}.LIB Release - DLL OpenSSL - DLL LibSSH2|x64.ActiveCfg = LIB Release - DLL OpenSSL - DLL LibSSH2|x64
		{DA6F56B4-06A4-441D-AD70-AC5A7D51FADB}.LIB Release - DLL OpenSSL - DLL LibSSH2|x64.Build.0 = LIB Release - DLL OpenSSL - DLL LibSSH2|x64
		{DA6F56B4-06A4-441D-AD70-AC5A7D51FADB}.LIB Release - DLL OpenSSL - DLL LibSSH2|x86.ActiveCfg = LIB Release - DLL OpenSSL - DLL LibSSH2|Win32
		{DA6F56B4-06A4-441D-AD70-AC5A7D51FADB}.LIB Release - DLL OpenSSL - DLL LibSSH2|x86.Build.0 = LIB Release - DLL OpenSSL - DLL LibSSH2|Win32
		{DA6F56B4-06A4-441D-AD70-AC5A7D51FADB}.LIB Release - DLL OpenSSL|x64.ActiveCfg = LIB Release - DLL OpenSSL|x64
		{DA6F56B4-06A4-441D-AD70-AC5A7D51FADB}.LIB Release - DLL OpenSSL|x64.Build.0 = LIB Release - DLL OpenSSL|x64
		{DA6F56B4-06A4-441D-AD70-AC5A7D51FADB}.LIB Release - DLL OpenSSL|x86.ActiveCfg = LIB Release - DLL OpenSSL|Win32
		{DA6F56B4-06A4-441D-AD70-AC5A7D51FADB}.LIB Release - DLL OpenSSL|x86.Build.0 = LIB Release - DLL OpenSSL|Win32
		{DA6F56B4-06A4-441D-AD70-AC5A7D51FADB}.LIB Release - DLL Windows SSPI - DLL WinIDN|x64.ActiveCfg = LIB Release - DLL Windows SSPI - DLL WinIDN|x64
		{DA6F56B4-06A4-441D-AD70-AC5A7D51FADB}.LIB Release - DLL Windows SSPI - DLL WinIDN|x64.Build.0 = LIB Release - DLL Windows SSPI - DLL WinIDN|x64
		{DA6F56B4-06A4-441D-AD70-AC5A7D51FADB}.LIB Release - DLL Windows SSPI - DLL WinIDN|x86.ActiveCfg = LIB Release - DLL Windows SSPI - DLL WinIDN|Win32
		{DA6F56B4-06A4-441D-AD70-AC5A7D51FADB}.LIB Release - DLL Windows SSPI - DLL WinIDN|x86.Build.0 = LIB Release - DLL Windows SSPI - DLL WinIDN|Win32
		{DA6F56B4-06A4-441D-AD70-AC5A7D51FADB}.LIB Release - DLL Windows SSPI|x64.ActiveCfg = LIB Release - DLL Windows SSPI|x64
		{DA6F56B4-06A4-441D-AD70-AC5A7D51FADB}.LIB Release - DLL Windows SSPI|x64.Build.0 = LIB Release - DLL Windows SSPI|x64
		{DA6F56B4-06A4-441D-AD70-AC5A7D51FADB}.LIB Release - DLL Windows SSPI|x86.ActiveCfg = LIB Release - DLL Windows SSPI|Win32
		{DA6F56B4-06A4-441D-AD70-AC5A7D51FADB}.LIB Release - DLL Windows SSPI|x86.Build.0 = LIB Release - DLL Windows SSPI|Win32
		{DA6F56B4-06A4-441D-AD70-AC5A7D51FADB}.LIB Release - LIB OpenSSL - LIB LibSSH2|x64.ActiveCfg = LIB Release - LIB OpenSSL - LIB LibSSH2|x64
		{DA6F56B4-06A4-441D-AD70-AC5A7D51FADB}.LIB Release - LIB OpenSSL - LIB LibSSH2|x64.Build.0 = LIB Release - LIB OpenSSL - LIB LibSSH2|x64
		{DA6F56B4-06A4-441D-AD70-AC5A7D51FADB}.LIB Release - LIB OpenSSL - LIB LibSSH2|x86.ActiveCfg = LIB Release - LIB OpenSSL - LIB LibSSH2|Win32
		{DA6F56B4-06A4-441D-AD70-AC5A7D51FADB}.LIB Release - LIB OpenSSL - LIB LibSSH2|x86.Build.0 = LIB Release - LIB OpenSSL - LIB LibSSH2|Win32
		{DA6F56B4-06A4-441D-AD70-AC5A7D51FADB}.LIB Release - LIB OpenSSL|x64.ActiveCfg = LIB Release - LIB OpenSSL|x64
		{DA6F56B4-06A4-441D-AD70-AC5A7D51FADB}.LIB Release - LIB OpenSSL|x64.Build.0 = LIB Release - LIB OpenSSL|x64
		{DA6F56B4-06A4-441D-AD70-AC5A7D51FADB}.LIB Release - LIB OpenSSL|x86.ActiveCfg = LIB Release - LIB OpenSSL|Win32
		{DA6F56B4-06A4-441D-AD70-AC5A7D51FADB}.LIB Release - LIB OpenSSL|x86.Build.0 = LIB Release - LIB OpenSSL|Win32
		{DA6F56B4-06A4-441D-AD70-AC5A7D51FADB}.LIB Release - LIB wolfSSL|x64.ActiveCfg = LIB Release - LIB wolfSSL|x64
		{DA6F56B4-06A4-441D-AD70-AC5A7D51FADB}.LIB Release - LIB wolfSSL|x64.Build.0 = LIB Release - LIB wolfSSL|x64
		{DA6F56B4-06A4-441D-AD70-AC5A7D51FADB}.LIB Release - LIB wolfSSL|x86.ActiveCfg = LIB Release - LIB wolfSSL|Win32
		{DA6F56B4-06A4-441D-AD70-AC5A7D51FADB}.LIB Release - LIB wolfSSL|x86.Build.0 = LIB Release - LIB wolfSSL|Win32
		{DA6F56B4-06A4-441D-AD70-AC5A7D51FADB}.LIB Release|x64.ActiveCfg = LIB Release|x64
		{DA6F56B4-06A4-441D-AD70-AC5A7D51FADB}.LIB Release|x64.Build.0 = LIB Release|x64
		{DA6F56B4-06A4-441D-AD70-AC5A7D51FADB}.LIB Release|x86.ActiveCfg = LIB Release|Win32
		{DA6F56B4-06A4-441D-AD70-AC5A7D51FADB}.LIB Release|x86.Build.0 = LIB Release|Win32
		{DA6F56B4-06A4-441D-AD70-AC5A7D51FADB}.Release|x64.ActiveCfg = LIB Release - LIB OpenSSL - LIB LibSSH2|x64
		{DA6F56B4-06A4-441D-AD70-AC5A7D51FADB}.Release|x64.Build.0 = LIB Release - LIB OpenSSL - LIB LibSSH2|x64
		{DA6F56B4-06A4-441D-AD70-AC5A7D51FADB}.Release|x86.ActiveCfg = LIB Release - LIB OpenSSL - LIB LibSSH2|Win32
		{DA6F56B4-06A4-441D-AD70-AC5A7D51FADB}.Release|x86.Build.0 = LIB Release - LIB OpenSSL - LIB LibSSH2|Win32
	EndGlobalSection
	GlobalSection(SolutionProperties) = preSolution
		HideSolutionNode = FALSE
	EndGlobalSection
EndGlobal
