
Microsoft Visual Studio Solution File, Format Version 12.00
# Visual Studio 15
VisualStudioVersion = 15.0.27130.2026
MinimumVisualStudioVersion = 10.0.40219.1
Project("{8BC9CEB8-8B4A-11D0-8D11-00A0C91BC942}") = "stack", "stack\stack.vcxproj", "{2C4252AC-A746-4C66-A2F4-13851D37E55F}"
EndProject
Global
	GlobalSection(SolutionConfigurationPlatforms) = preSolution
		Debug|x64 = Debug|x64
		Debug|x86 = Debug|x86
		Release|x64 = Release|x64
		Release|x86 = Release|x86
	EndGlobalSection
	GlobalSection(ProjectConfigurationPlatforms) = postSolution
		{2C4252AC-A746-4C66-A2F4-13851D37E55F}.Debug|x64.ActiveCfg = Debug|x64
		{2C4252AC-A746-4C66-A2F4-13851D37E55F}.Debug|x64.Build.0 = Debug|x64
		{2C4252AC-A746-4C66-A2F4-13851D37E55F}.Debug|x86.ActiveCfg = Debug|Win32
		{2C4252AC-A746-4C66-A2F4-13851D37E55F}.Debug|x86.Build.0 = Debug|Win32
		{2C4252AC-A746-4C66-A2F4-13851D37E55F}.Release|x64.ActiveCfg = Release|x64
		{2C4252AC-A746-4C66-A2F4-13851D37E55F}.Release|x64.Build.0 = Release|x64
		{2C4252AC-A746-4C66-A2F4-13851D37E55F}.Release|x86.ActiveCfg = Release|Win32
		{2C4252AC-A746-4C66-A2F4-13851D37E55F}.Release|x86.Build.0 = Release|Win32
	EndGlobalSection
	GlobalSection(SolutionProperties) = preSolution
		HideSolutionNode = FALSE
	EndGlobalSection
	GlobalSection(ExtensibilityGlobals) = postSolution
		SolutionGuid = {1BFF1EC7-6B49-47CE-91AF-19AE35269E76}
	EndGlobalSection
EndGlobal
